// !$*UTF8*$!
{
	archiveVersion = 1;
	classes = {
	};
	objectVersion = 46;
	objects = {

/* Begin PBXBuildFile section */
		04C450031E86926100EF3178 /* main.m in Sources */ = {isa = PBXBuildFile; fileRef = 04C450021E86926100EF3178 /* main.m */; };
		04C450061E86926100EF3178 /* AppDelegate.m in Sources */ = {isa = PBXBuildFile; fileRef = 04C450051E86926100EF3178 /* AppDelegate.m */; };
		04C450091E86926100EF3178 /* ViewController.m in Sources */ = {isa = PBXBuildFile; fileRef = 04C450081E86926100EF3178 /* ViewController.m */; };
		04C4500C1E86926100EF3178 /* Main.storyboard in Resources */ = {isa = PBXBuildFile; fileRef = 04C4500A1E86926100EF3178 /* Main.storyboard */; };
		04C4500E1E86926100EF3178 /* Assets.xcassets in Resources */ = {isa = PBXBuildFile; fileRef = 04C4500D1E86926100EF3178 /* Assets.xcassets */; };
		04C450111E86926100EF3178 /* LaunchScreen.storyboard in Resources */ = {isa = PBXBuildFile; fileRef = 04C4500F1E86926100EF3178 /* LaunchScreen.storyboard */; };
		04C450191E86972400EF3178 /* GistTest in Resources */ = {isa = PBXBuildFile; fileRef = 04C450181E86972400EF3178 /* GistTest */; };
/* End PBXBuildFile section */

/* Begin PBXFileReference section */
		04C44FFE1E86926100EF3178 /* GistTest.app */ = {isa = PBXFileReference; explicitFileType = wrapper.application; includeInIndex = 0; path = GistTest.app; sourceTree = BUILT_PRODUCTS_DIR; };
		04C450021E86926100EF3178 /* main.m */ = {isa = PBXFileReference; lastKnownFileType = sourcecode.c.objc; path = main.m; sourceTree = "<group>"; };
		04C450041E86926100EF3178 /* AppDelegate.h */ = {isa = PBXFileReference; lastKnownFileType = sourcecode.c.h; path = AppDelegate.h; sourceTree = "<group>"; };
		04C450051E86926100EF3178 /* AppDelegate.m */ = {isa = PBXFileReference; lastKnownFileType = sourcecode.c.objc; path = AppDelegate.m; sourceTree = "<group>"; };
		04C450071E86926100EF3178 /* ViewController.h */ = {isa = PBXFileReference; lastKnownFileType = sourcecode.c.h; path = ViewController.h; sourceTree = "<group>"; };
		04C450081E86926100EF3178 /* ViewController.m */ = {isa = PBXFileReference; lastKnownFileType = sourcecode.c.objc; path = ViewController.m; sourceTree = "<group>"; };
		04C4500B1E86926100EF3178 /* Base */ = {isa = PBXFileReference; lastKnownFileType = file.storyboard; name = Base; path = Base.lproj/Main.storyboard; sourceTree = "<group>"; };
		04C4500D1E86926100EF3178 /* Assets.xcassets */ = {isa = PBXFileReference; lastKnownFileType = folder.assetcatalog; path = Assets.xcassets; sourceTree = "<group>"; };
		04C450101E86926100EF3178 /* Base */ = {isa = PBXFileReference; lastKnownFileType = file.storyboard; name = Base; path = Base.lproj/LaunchScreen.storyboard; sourceTree = "<group>"; };
		04C450121E86926100EF3178 /* Info.plist */ = {isa = PBXFileReference; lastKnownFileType = text.plist.xml; path = Info.plist; sourceTree = "<group>"; };
		04C450181E86972400EF3178 /* GistTest */ = {isa = PBXFileReference; lastKnownFileType = folder; name = GistTest; sourceTree = "<group>"; };
/* End PBXFileReference section */

/* Begin PBXFrameworksBuildPhase section */
		04C44FFB1E86926100EF3178 /* Frameworks */ = {
			isa = PBXFrameworksBuildPhase;
			buildActionMask = 2147483647;
			files = (
			);
			runOnlyForDeploymentPostprocessing = 0;
		};
/* End PBXFrameworksBuildPhase section */

/* Begin PBXGroup section */
		04C44FF51E86926100EF3178 = {
			isa = PBXGroup;
			children = (
				04C450001E86926100EF3178 /* GistTest */,
				04C44FFF1E86926100EF3178 /* Products */,
			);
			sourceTree = "<group>";
		};
		04C44FFF1E86926100EF3178 /* Products */ = {
			isa = PBXGroup;
			children = (
				04C44FFE1E86926100EF3178 /* GistTest.app */,
			);
			name = Products;
			sourceTree = "<group>";
		};
		04C450001E86926100EF3178 /* GistTest */ = {
			isa = PBXGroup;
			children = (
				04C450041E86926100EF3178 /* AppDelegate.h */,
				04C450051E86926100EF3178 /* AppDelegate.m */,
				04C450071E86926100EF3178 /* ViewController.h */,
				04C450081E86926100EF3178 /* ViewController.m */,
				04C450181E86972400EF3178 /* GistTest */,
				04C4500A1E86926100EF3178 /* Main.storyboard */,
				04C4500D1E86926100EF3178 /* Assets.xcassets */,
				04C4500F1E86926100EF3178 /* LaunchScreen.storyboard */,
				04C450121E86926100EF3178 /* Info.plist */,
				04C450011E86926100EF3178 /* Supporting Files */,
			);
			path = GistTest;
			sourceTree = "<group>";
		};
		04C450011E86926100EF3178 /* Supporting Files */ = {
			isa = PBXGroup;
			children = (
				04C450021E86926100EF3178 /* main.m */,
			);
			name = "Supporting Files";
			sourceTree = "<group>";
		};
/* End PBXGroup section */

/* Begin PBXNativeTarget section */
		04C44FFD1E86926100EF3178 /* GistTest */ = {
			isa = PBXNativeTarget;
			buildConfigurationList = 04C450151E86926100EF3178 /* Build configuration list for PBXNativeTarget "GistTest" */;
			buildPhases = (
				04C44FFA1E86926100EF3178 /* Sources */,
				04C44FFB1E86926100EF3178 /* Frameworks */,
				04C44FFC1E86926100EF3178 /* Resources */,
			);
			buildRules = (
			);
			dependencies = (
			);
			name = GistTest;
			productName = GistTest;
			productReference = 04C44FFE1E86926100EF3178 /* GistTest.app */;
			productType = "com.apple.product-type.application";
		};
/* End PBXNativeTarget section */

/* Begin PBXProject section */
		04C44FF61E86926100EF3178 /* Project object */ = {
			isa = PBXProject;
			attributes = {
				LastUpgradeCheck = 0820;
				ORGANIZATIONNAME = Hirenkumar;
				TargetAttributes = {
					04C44FFD1E86926100EF3178 = {
						CreatedOnToolsVersion = 8.2.1;
						DevelopmentTeam = TYACJ2NB6L;
						ProvisioningStyle = Automatic;
					};
				};
			};
			buildConfigurationList = 04C44FF91E86926100EF3178 /* Build configuration list for PBXProject "GistTest" */;
			compatibilityVersion = "Xcode 3.2";
			developmentRegion = English;
			hasScannedForEncodings = 0;
			knownRegions = (
				en,
				Base,
			);
			mainGroup = 04C44FF51E86926100EF3178;
			productRefGroup = 04C44FFF1E86926100EF3178 /* Products */;
			projectDirPath = "";
			projectRoot = "";
			targets = (
				04C44FFD1E86926100EF3178 /* GistTest */,
			);
		};
/* End PBXProject section */

/* Begin PBXResourcesBuildPhase section */
		04C44FFC1E86926100EF3178 /* Resources */ = {
			isa = PBXResourcesBuildPhase;
			buildActionMask = 2147483647;
			files = (
				04C450111E86926100EF3178 /* LaunchScreen.storyboard in Resources */,
				04C4500E1E86926100EF3178 /* Assets.xcassets in Resources */,
				04C4500C1E86926100EF3178 /* Main.storyboard in Resources */,
				04C450191E86972400EF3178 /* GistTest in Resources */,
			);
			runOnlyForDeploymentPostprocessing = 0;
		};
/* End PBXResourcesBuildPhase section */

/* Begin PBXSourcesBuildPhase section */
		04C44FFA1E86926100EF3178 /* Sources */ = {
			isa = PBXSourcesBuildPhase;
			buildActionMask = 2147483647;
			files = (
				04C450091E86926100EF3178 /* ViewController.m in Sources */,
				04C450061E86926100EF3178 /* AppDelegate.m in Sources */,
				04C450031E86926100EF3178 /* main.m in Sources */,
			);
			runOnlyForDeploymentPostprocessing = 0;
		};
/* End PBXSourcesBuildPhase section */

/* Begin PBXVariantGroup section */
		04C4500A1E86926100EF3178 /* Main.storyboard */ = {
			isa = PBXVariantGroup;
			children = (
				04C4500B1E86926100EF3178 /* Base */,
			);
			name = Main.storyboard;
			sourceTree = "<group>";
		};
		04C4500F1E86926100EF3178 /* LaunchScreen.storyboard */ = {
			isa = PBXVariantGroup;
			children = (
				04C450101E86926100EF3178 /* Base */,
			);
			name = LaunchScreen.storyboard;
			sourceTree = "<group>";
		};
/* End PBXVariantGroup section */

/* Begin XCBuildConfiguration section */
		04C450131E86926100EF3178 /* Debug */ = {
			isa = XCBuildConfiguration;
			buildSettings = {
				ALWAYS_SEARCH_USER_PATHS = NO;
				CLANG_ANALYZER_NONNULL = YES;
				CLANG_CXX_LANGUAGE_STANDARD = "gnu++0x";
				CLANG_CXX_LIBRARY = "libc++";
				CLANG_ENABLE_MODULES = YES;
				CLANG_ENABLE_OBJC_ARC = YES;
				CLANG_WARN_BOOL_CONVERSION = YES;
				CLANG_WARN_CONSTANT_CONVERSION = YES;
				CLANG_WARN_DIRECT_OBJC_ISA_USAGE = YES_ERROR;
				CLANG_WARN_DOCUMENTATION_COMMENTS = YES;
				CLANG_WARN_EMPTY_BODY = YES;
				CLANG_WARN_ENUM_CONVERSION = YES;
				CLANG_WARN_INFINITE_RECURSION = YES;
				CLANG_WARN_INT_CONVERSION = YES;
				CLANG_WARN_OBJC_ROOT_CLASS = YES_ERROR;
				CLANG_WARN_SUSPICIOUS_MOVE = YES;
				CLANG_WARN_UNREACHABLE_CODE = YES;
				CLANG_WARN__DUPLICATE_METHOD_MATCH = YES;
				"CODE_SIGN_IDENTITY[sdk=iphoneos*]" = "iPhone Developer";
				COPY_PHASE_STRIP = NO;
				DEBUG_INFORMATION_FORMAT = dwarf;
				ENABLE_STRICT_OBJC_MSGSEND = YES;
				ENABLE_TESTABILITY = YES;
				GCC_C_LANGUAGE_STANDARD = gnu99;
				GCC_DYNAMIC_NO_PIC = NO;
				GCC_NO_COMMON_BLOCKS = YES;
				GCC_OPTIMIZATION_LEVEL = 0;
				GCC_PREPROCESSOR_DEFINITIONS = (
					"DEBUG=1",
					"$(inherited)",
				);
				GCC_WARN_64_TO_32_BIT_CONVERSION = YES;
				GCC_WARN_ABOUT_RETURN_TYPE = YES_ERROR;
				GCC_WARN_UNDECLARED_SELECTOR = YES;
				GCC_WARN_UNINITIALIZED_AUTOS = YES_AGGRESSIVE;
				GCC_WARN_UNUSED_FUNCTION = YES;
				GCC_WARN_UNUSED_VARIABLE = YES;
				IPHONEOS_DEPLOYMENT_TARGET = 10.2;
				MTL_ENABLE_DEBUG_INFO = YES;
				ONLY_ACTIVE_ARCH = YES;
				SDKROOT = iphoneos;
			};
			name = Debug;
		};
		04C450141E86926100EF3178 /* Release */ = {
			isa = XCBuildConfiguration;
			buildSettings = {
				ALWAYS_SEARCH_USER_PATHS = NO;
				CLANG_ANALYZER_NONNULL = YES;
				CLANG_CXX_LANGUAGE_STANDARD = "gnu++0x";
				CLANG_CXX_LIBRARY = "libc++";
				CLANG_ENABLE_MODULES = YES;
				CLANG_ENABLE_OBJC_ARC = YES;
				CLANG_WARN_BOOL_CONVERSION = YES;
				CLANG_WARN_CONSTANT_CONVERSION = YES;
				CLANG_WARN_DIRECT_OBJC_ISA_USAGE = YES_ERROR;
				CLANG_WARN_DOCUMENTATION_COMMENTS = YES;
				CLANG_WARN_EMPTY_BODY = YES;
				CLANG_WARN_ENUM_CONVERSION = YES;
				CLANG_WARN_INFINITE_RECURSION = YES;
				CLANG_WARN_INT_CONVERSION = YES;
				CLANG_WARN_OBJC_ROOT_CLASS = YES_ERROR;
				CLANG_WARN_SUSPICIOUS_MOVE = YES;
				CLANG_WARN_UNREACHABLE_CODE = YES;
				CLANG_WARN__DUPLICATE_METHOD_MATCH = YES;
				"CODE_SIGN_IDENTITY[sdk=iphoneos*]" = "iPhone Developer";
				COPY_PHASE_STRIP = NO;
				DEBUG_INFORMATION_FORMAT = "dwarf-with-dsym";
				ENABLE_NS_ASSERTIONS = NO;
				ENABLE_STRICT_OBJC_MSGSEND = YES;
				GCC_C_LANGUAGE_STANDARD = gnu99;
				GCC_NO_COMMON_BLOCKS = YES;
				GCC_WARN_64_TO_32_BIT_CONVERSION = YES;
				GCC_WARN_ABOUT_RETURN_TYPE = YES_ERROR;
				GCC_WARN_UNDECLARED_SELECTOR = YES;
				GCC_WARN_UNINITIALIZED_AUTOS = YES_AGGRESSIVE;
				GCC_WARN_UNUSED_FUNCTION = YES;
				GCC_WARN_UNUSED_VARIABLE = YES;
				IPHONEOS_DEPLOYMENT_TARGET = 10.2;
				MTL_ENABLE_DEBUG_INFO = NO;
				SDKROOT = iphoneos;
				VALIDATE_PRODUCT = YES;
			};
			name = Release;
		};
		04C450161E86926100EF3178 /* Debug */ = {
			isa = XCBuildConfiguration;
			buildSettings = {
				ASSETCATALOG_COMPILER_APPICON_NAME = AppIcon;
				DEVELOPMENT_TEAM = TYACJ2NB6L;
				INFOPLIST_FILE = GistTest/Info.plist;
				LD_RUNPATH_SEARCH_PATHS = "$(inherited) @executable_path/Frameworks";
				PRODUCT_BUNDLE_IDENTIFIER = in.hirenkumar.GistTest;
				PRODUCT_NAME = "$(TARGET_NAME)";
			};
			name = Debug;
		};
		04C450171E86926100EF3178 /* Release */ = {
			isa = XCBuildConfiguration;
			buildSettings = {
				ASSETCATALOG_COMPILER_APPICON_NAME = AppIcon;
				DEVELOPMENT_TEAM = TYACJ2NB6L;
				INFOPLIST_FILE = GistTest/Info.plist;
				LD_RUNPATH_SEARCH_PATHS = "$(inherited) @executable_path/Frameworks";
				PRODUCT_BUNDLE_IDENTIFIER = in.hirenkumar.GistTest;
				PRODUCT_NAME = "$(TARGET_NAME)";
			};
			name = Release;
		};
/* End XCBuildConfiguration section */

/* Begin XCConfigurationList section */
		04C44FF91E86926100EF3178 /* Build configuration list for PBXProject "GistTest" */ = {
			isa = XCConfigurationList;
			buildConfigurations = (
				04C450131E86926100EF3178 /* Debug */,
				04C450141E86926100EF3178 /* Release */,
			);
			defaultConfigurationIsVisible = 0;
			defaultConfigurationName = Release;
		};
		04C450151E86926100EF3178 /* Build configuration list for PBXNativeTarget "GistTest" */ = {
			isa = XCConfigurationList;
			buildConfigurations = (
				04C450161E86926100EF3178 /* Debug */,
				04C450171E86926100EF3178 /* Release */,
			);
			defaultConfigurationIsVisible = 0;
		};
/* End XCConfigurationList section */
	};
	rootObject = 04C44FF61E86926100EF3178 /* Project object */;
}
